# This file is automatically @generated by Cargo.
# It is not intended for manual editing.
version = 3

[[package]]
name = "paged-kv-core"
version = "0.1.0"

[[package]]
name = "paged-kv-cuda"
version = "0.1.0"
dependencies = [
 "paged-kv-core",
]

[[package]]
name = "paged-kv-server"
version = "0.1.0"
dependencies = [
 "paged-kv-core",
]
